
Microsoft Visual Studio Solution File, Format Version 12.00
# Visual Studio Version 16
VisualStudioVersion = 16.0.28803.202
MinimumVisualStudioVersion = 10.0.40219.1
Project("{FAE04EC0-301F-11D3-BF4B-00C04F79EFBC}") = "MovieMVCModelBinding", "MovieMVCModelBinding\MovieMVCModelBinding.csproj", "{066AAC8F-96E9-4948-9EDA-9380903DAA94}"
EndProject
Global
	GlobalSection(SolutionConfigurationPlatforms) = preSolution
		Debug|Any CPU = Debug|Any CPU
		Release|Any CPU = Release|Any CPU
	EndGlobalSection
	GlobalSection(ProjectConfigurationPlatforms) = postSolution
		{066AAC8F-96E9-4948-9EDA-9380903DAA94}.Debug|Any CPU.ActiveCfg = Debug|Any CPU
		{066AAC8F-96E9-4948-9EDA-9380903DAA94}.Debug|Any CPU.Build.0 = Debug|Any CPU
		{066AAC8F-96E9-4948-9EDA-9380903DAA94}.Release|Any CPU.ActiveCfg = Release|Any CPU
		{066AAC8F-96E9-4948-9EDA-9380903DAA94}.Release|Any CPU.Build.0 = Release|Any CPU
	EndGlobalSection
	GlobalSection(SolutionProperties) = preSolution
		HideSolutionNode = FALSE
	EndGlobalSection
	GlobalSection(ExtensibilityGlobals) = postSolution
		SolutionGuid = {D97E39EA-0EF2-4A07-835B-8B1116906227}
	EndGlobalSection
EndGlobal
